
Microsoft Visual Studio Solution File, Format Version 12.00
# Visual Studio 15
VisualStudioVersion = 15.0.26724.1
MinimumVisualStudioVersion = 15.0
Project("{9A19103F-16F7-4668-BE54-9A1E7A4F7556}") = "Antlr4.StringTemplate", "Antlr4.StringTemplate\Antlr4.StringTemplate.csproj", "{DE9B7DA2-35DD-46CC-B768-DAEE3C298660}"
EndProject
Project("{9A19103F-16F7-4668-BE54-9A1E7A4F7556}") = "Antlr4.Test.StringTemplate", "Antlr4.Test.StringTemplate\Antlr4.Test.StringTemplate.csproj", "{1B70CBF4-B592-4A9C-B7B3-AD1A087F4B9C}"
EndProject
Global
	GlobalSection(SolutionConfigurationPlatforms) = preSolution
		Debug|Any CPU = Debug|Any CPU
		Release|Any CPU = Release|Any CPU
	EndGlobalSection
	GlobalSection(ProjectConfigurationPlatforms) = postSolution
		{DE9B7DA2-35DD-46CC-B768-DAEE3C298660}.Debug|Any CPU.ActiveCfg = Debug|Any CPU
		{DE9B7DA2-35DD-46CC-B768-DAEE3C298660}.Debug|Any CPU.Build.0 = Debug|Any CPU
		{DE9B7DA2-35DD-46CC-B768-DAEE3C298660}.Release|Any CPU.ActiveCfg = Release|Any CPU
		{DE9B7DA2-35DD-46CC-B768-DAEE3C298660}.Release|Any CPU.Build.0 = Release|Any CPU
		{1B70CBF4-B592-4A9C-B7B3-AD1A087F4B9C}.Debug|Any CPU.ActiveCfg = Debug|Any CPU
		{1B70CBF4-B592-4A9C-B7B3-AD1A087F4B9C}.Debug|Any CPU.Build.0 = Debug|Any CPU
		{1B70CBF4-B592-4A9C-B7B3-AD1A087F4B9C}.Release|Any CPU.ActiveCfg = Release|Any CPU
		{1B70CBF4-B592-4A9C-B7B3-AD1A087F4B9C}.Release|Any CPU.Build.0 = Release|Any CPU
	EndGlobalSection
	GlobalSection(SolutionProperties) = preSolution
		HideSolutionNode = FALSE
	EndGlobalSection
EndGlobal
