
Microsoft Visual Studio Solution File, Format Version 12.00
# Visual Studio Version 16
VisualStudioVersion = 16.0.30114.105
MinimumVisualStudioVersion = 10.0.40219.1
Project("{FAE04EC0-301F-11D3-BF4B-00C04F79EFBC}") = "NetTemplate", "NetTemplate\NetTemplate.csproj", "{687978CC-A7B2-429F-ABC7-C3228CC1A283}"
EndProject
Project("{FAE04EC0-301F-11D3-BF4B-00C04F79EFBC}") = "NetTemplate.Tests", "NetTemplate.Tests\NetTemplate.Tests.csproj", "{71AB08BA-A166-4ADD-ADE1-55B49ACF2C51}"
EndProject
Global
	GlobalSection(SolutionConfigurationPlatforms) = preSolution
		Debug|Any CPU = Debug|Any CPU
		Release|Any CPU = Release|Any CPU
	EndGlobalSection
	GlobalSection(SolutionProperties) = preSolution
		HideSolutionNode = FALSE
	EndGlobalSection
	GlobalSection(ProjectConfigurationPlatforms) = postSolution
		{687978CC-A7B2-429F-ABC7-C3228CC1A283}.Debug|Any CPU.ActiveCfg = Debug|Any CPU
		{687978CC-A7B2-429F-ABC7-C3228CC1A283}.Debug|Any CPU.Build.0 = Debug|Any CPU
		{687978CC-A7B2-429F-ABC7-C3228CC1A283}.Release|Any CPU.ActiveCfg = Release|Any CPU
		{687978CC-A7B2-429F-ABC7-C3228CC1A283}.Release|Any CPU.Build.0 = Release|Any CPU
		{71AB08BA-A166-4ADD-ADE1-55B49ACF2C51}.Debug|Any CPU.ActiveCfg = Debug|Any CPU
		{71AB08BA-A166-4ADD-ADE1-55B49ACF2C51}.Debug|Any CPU.Build.0 = Debug|Any CPU
		{71AB08BA-A166-4ADD-ADE1-55B49ACF2C51}.Release|Any CPU.ActiveCfg = Release|Any CPU
		{71AB08BA-A166-4ADD-ADE1-55B49ACF2C51}.Release|Any CPU.Build.0 = Release|Any CPU
	EndGlobalSection
EndGlobal
